# THIS IS AN AUTOGENERATED FILE. DO NOT EDIT THIS FILE DIRECTLY.
# yarn lockfile v1


codemirror@^5.22.1:
  version "5.26.0"
  resolved "https://registry.yarnpkg.com/codemirror/-/codemirror-5.26.0.tgz#bcbee86816ed123870c260461c2b5c40b68746e5"

jquery-migrate@^3.0.0:
  version "3.0.0"
  resolved "https://registry.yarnpkg.com/jquery-migrate/-/jquery-migrate-3.0.0.tgz#03f320596fe1a1db09cdcfb74b14571994aad7bb"

jquery-mousewheel@^3.1.13:
  version "3.1.13"
  resolved "https://registry.yarnpkg.com/jquery-mousewheel/-/jquery-mousewheel-3.1.13.tgz#06f0335f16e353a695e7206bf50503cb523a6ee5"

jquery-ui-dist@^1.12.1:
  version "1.12.1"
  resolved "https://registry.yarnpkg.com/jquery-ui-dist/-/jquery-ui-dist-1.12.1.tgz#5c0815d3cc6f90ff5faaf5b268a6e23b4ca904fa"

jquery-ui-timepicker-addon@^1.6.3:
  version "1.6.3"
  resolved "https://registry.yarnpkg.com/jquery-ui-timepicker-addon/-/jquery-ui-timepicker-addon-1.6.3.tgz#8037c39b0b630282dd0b37dd8ad7fc5e1163377f"

jquery-validation@^1.15.1:
  version "1.16.0"
  resolved "https://registry.yarnpkg.com/jquery-validation/-/jquery-validation-1.16.0.tgz#b6e5277ebbd67c1fabab213eb4454eea8a3095ca"
  dependencies:
    jquery "^1.7 || ^2.0 || ^3.1"

"jquery@^1.7 || ^2.0 || ^3.1", jquery@^3.1.1:
  version "3.2.1"
  resolved "https://registry.yarnpkg.com/jquery/-/jquery-3.2.1.tgz#5c4d9de652af6cd0a770154a631bba12b015c787"

tracekit@^0.4.4:
  version "0.4.4"
  resolved "https://registry.yarnpkg.com/tracekit/-/tracekit-0.4.4.tgz#8f990ed3c152a760cb4b7a9892c21e25f368f90c"

zxcvbn@^4.4.2:
  version "4.4.2"
  resolved "https://registry.yarnpkg.com/zxcvbn/-/zxcvbn-4.4.2.tgz#28ec17cf09743edcab056ddd8b1b06262cc73c30"
